<?xml version="1.0" encoding="utf-8"?>
<Project ToolsVersion="4.0" xmlns="http://schemas.microsoft.com/developer/msbuild/2003">
  <ItemGroup>
    <Filter Include="utils">
      <UniqueIdentifier>{b0076609-78e7-432d-8b8d-bc6f898165a0}</UniqueIdentifier>
    </Filter>
    <Filter Include="uwsav">
      <UniqueIdentifier>{8e890a98-76d1-45e1-86ce-36c65bafd587}</UniqueIdentifier>
    </Filter>
  </ItemGroup>
  <ItemGroup>
    <ClCompile Include="..\uwsav.cpp" />
    <ClCompile Include="..\utils\compat_stdio.c">
      <Filter>utils</Filter>
    </ClCompile>
    <ClCompile Include="..\utils\filestream.cpp">
      <Filter>utils</Filter>
    </ClCompile>
    <ClCompile Include="..\uwsav\uwsav_data.cpp">
      <Filter>uwsav</Filter>
    </ClCompile>
    <ClCompile Include="..\utils\memorystream.cpp">
      <Filter>utils</Filter>
    </ClCompile>
  </ItemGroup>
  <ItemGroup>
    <ClInclude Include="..\utils\bbop.h">
      <Filter>utils</Filter>
    </ClInclude>
    <ClInclude Include="..\utils\compat_stdio.h">
      <Filter>utils</Filter>
    </ClInclude>
    <ClInclude Include="..\utils\filestream.h">
      <Filter>utils</Filter>
    </ClInclude>
    <ClInclude Include="..\utils\platform.h">
      <Filter>utils</Filter>
    </ClInclude>
    <ClInclude Include="..\utils\str_utils.h">
      <Filter>utils</Filter>
    </ClInclude>
    <ClInclude Include="..\utils\stream.h">
      <Filter>utils</Filter>
    </ClInclude>
    <ClInclude Include="..\uwsav\uwsav_data.h">
      <Filter>uwsav</Filter>
    </ClInclude>
    <ClInclude Include="..\utils\memorystream.h">
      <Filter>utils</Filter>
    </ClInclude>
  </ItemGroup>
</Project>